// !$*UTF8*$!
{
	archiveVersion = 1;
	classes = {
	};
	objectVersion = 50;
	objects = {

/* Begin PBXBuildFile section */
		B3D7889926E572C700DD8D74 /* AppDelegate.swift in Sources */ = {isa = PBXBuildFile; fileRef = B3D7889826E572C700DD8D74 /* AppDelegate.swift */; };
		B3D7889B26E572C700DD8D74 /* SceneDelegate.swift in Sources */ = {isa = PBXBuildFile; fileRef = B3D7889A26E572C700DD8D74 /* SceneDelegate.swift */; };
		B3D7889D26E572C700DD8D74 /* ViewController.swift in Sources */ = {isa = PBXBuildFile; fileRef = B3D7889C26E572C700DD8D74 /* ViewController.swift */; };
		B3D788A026E572C700DD8D74 /* Main.storyboard in Resources */ = {isa = PBXBuildFile; fileRef = B3D7889E26E572C700DD8D74 /* Main.storyboard */; };
		B3D788A226E572C900DD8D74 /* Assets.xcassets in Resources */ = {isa = PBXBuildFile; fileRef = B3D788A126E572C900DD8D74 /* Assets.xcassets */; };
		B3D788A526E572C900DD8D74 /* LaunchScreen.storyboard in Resources */ = {isa = PBXBuildFile; fileRef = B3D788A326E572C900DD8D74 /* LaunchScreen.storyboard */; };
		B3D788B026E572C900DD8D74 /* AirportsListTests.swift in Sources */ = {isa = PBXBuildFile; fileRef = B3D788AF26E572C900DD8D74 /* AirportsListTests.swift */; };
		B3D788BB26E572C900DD8D74 /* AirportsListUITests.swift in Sources */ = {isa = PBXBuildFile; fileRef = B3D788BA26E572C900DD8D74 /* AirportsListUITests.swift */; };
/* End PBXBuildFile section */

/* Begin PBXContainerItemProxy section */
		B3D788AC26E572C900DD8D74 /* PBXContainerItemProxy */ = {
			isa = PBXContainerItemProxy;
			containerPortal = B3D7888D26E572C700DD8D74 /* Project object */;
			proxyType = 1;
			remoteGlobalIDString = B3D7889426E572C700DD8D74;
			remoteInfo = AirportsList;
		};
		B3D788B726E572C900DD8D74 /* PBXContainerItemProxy */ = {
			isa = PBXContainerItemProxy;
			containerPortal = B3D7888D26E572C700DD8D74 /* Project object */;
			proxyType = 1;
			remoteGlobalIDString = B3D7889426E572C700DD8D74;
			remoteInfo = AirportsList;
		};
/* End PBXContainerItemProxy section */

/* Begin PBXFileReference section */
		B3D7889526E572C700DD8D74 /* AirportsList.app */ = {isa = PBXFileReference; explicitFileType = wrapper.application; includeInIndex = 0; path = AirportsList.app; sourceTree = BUILT_PRODUCTS_DIR; };
		B3D7889826E572C700DD8D74 /* AppDelegate.swift */ = {isa = PBXFileReference; lastKnownFileType = sourcecode.swift; path = AppDelegate.swift; sourceTree = "<group>"; };
		B3D7889A26E572C700DD8D74 /* SceneDelegate.swift */ = {isa = PBXFileReference; lastKnownFileType = sourcecode.swift; path = SceneDelegate.swift; sourceTree = "<group>"; };
		B3D7889C26E572C700DD8D74 /* ViewController.swift */ = {isa = PBXFileReference; lastKnownFileType = sourcecode.swift; path = ViewController.swift; sourceTree = "<group>"; };
		B3D7889F26E572C700DD8D74 /* Base */ = {isa = PBXFileReference; lastKnownFileType = file.storyboard; name = Base; path = Base.lproj/Main.storyboard; sourceTree = "<group>"; };
		B3D788A126E572C900DD8D74 /* Assets.xcassets */ = {isa = PBXFileReference; lastKnownFileType = folder.assetcatalog; path = Assets.xcassets; sourceTree = "<group>"; };
		B3D788A426E572C900DD8D74 /* Base */ = {isa = PBXFileReference; lastKnownFileType = file.storyboard; name = Base; path = Base.lproj/LaunchScreen.storyboard; sourceTree = "<group>"; };
		B3D788A626E572C900DD8D74 /* Info.plist */ = {isa = PBXFileReference; lastKnownFileType = text.plist.xml; path = Info.plist; sourceTree = "<group>"; };
		B3D788AB26E572C900DD8D74 /* AirportsListTests.xctest */ = {isa = PBXFileReference; explicitFileType = wrapper.cfbundle; includeInIndex = 0; path = AirportsListTests.xctest; sourceTree = BUILT_PRODUCTS_DIR; };
		B3D788AF26E572C900DD8D74 /* AirportsListTests.swift */ = {isa = PBXFileReference; lastKnownFileType = sourcecode.swift; path = AirportsListTests.swift; sourceTree = "<group>"; };
		B3D788B126E572C900DD8D74 /* Info.plist */ = {isa = PBXFileReference; lastKnownFileType = text.plist.xml; path = Info.plist; sourceTree = "<group>"; };
		B3D788B626E572C900DD8D74 /* AirportsListUITests.xctest */ = {isa = PBXFileReference; explicitFileType = wrapper.cfbundle; includeInIndex = 0; path = AirportsListUITests.xctest; sourceTree = BUILT_PRODUCTS_DIR; };
		B3D788BA26E572C900DD8D74 /* AirportsListUITests.swift */ = {isa = PBXFileReference; lastKnownFileType = sourcecode.swift; path = AirportsListUITests.swift; sourceTree = "<group>"; };
		B3D788BC26E572C900DD8D74 /* Info.plist */ = {isa = PBXFileReference; lastKnownFileType = text.plist.xml; path = Info.plist; sourceTree = "<group>"; };
/* End PBXFileReference section */

/* Begin PBXFrameworksBuildPhase section */
		B3D7889226E572C700DD8D74 /* Frameworks */ = {
			isa = PBXFrameworksBuildPhase;
			buildActionMask = 2147483647;
			files = (
			);
			runOnlyForDeploymentPostprocessing = 0;
		};
		B3D788A826E572C900DD8D74 /* Frameworks */ = {
			isa = PBXFrameworksBuildPhase;
			buildActionMask = 2147483647;
			files = (
			);
			runOnlyForDeploymentPostprocessing = 0;
		};
		B3D788B326E572C900DD8D74 /* Frameworks */ = {
			isa = PBXFrameworksBuildPhase;
			buildActionMask = 2147483647;
			files = (
			);
			runOnlyForDeploymentPostprocessing = 0;
		};
/* End PBXFrameworksBuildPhase section */

/* Begin PBXGroup section */
		B3D7888C26E572C700DD8D74 = {
			isa = PBXGroup;
			children = (
				B3D7889726E572C700DD8D74 /* AirportsList */,
				B3D788AE26E572C900DD8D74 /* AirportsListTests */,
				B3D788B926E572C900DD8D74 /* AirportsListUITests */,
				B3D7889626E572C700DD8D74 /* Products */,
			);
			sourceTree = "<group>";
		};
		B3D7889626E572C700DD8D74 /* Products */ = {
			isa = PBXGroup;
			children = (
				B3D7889526E572C700DD8D74 /* AirportsList.app */,
				B3D788AB26E572C900DD8D74 /* AirportsListTests.xctest */,
				B3D788B626E572C900DD8D74 /* AirportsListUITests.xctest */,
			);
			name = Products;
			sourceTree = "<group>";
		};
		B3D7889726E572C700DD8D74 /* AirportsList */ = {
			isa = PBXGroup;
			children = (
				B3D7889826E572C700DD8D74 /* AppDelegate.swift */,
				B3D7889A26E572C700DD8D74 /* SceneDelegate.swift */,
				B3D7889C26E572C700DD8D74 /* ViewController.swift */,
				B3D7889E26E572C700DD8D74 /* Main.storyboard */,
				B3D788A126E572C900DD8D74 /* Assets.xcassets */,
				B3D788A326E572C900DD8D74 /* LaunchScreen.storyboard */,
				B3D788A626E572C900DD8D74 /* Info.plist */,
			);
			path = AirportsList;
			sourceTree = "<group>";
		};
		B3D788AE26E572C900DD8D74 /* AirportsListTests */ = {
			isa = PBXGroup;
			children = (
				B3D788AF26E572C900DD8D74 /* AirportsListTests.swift */,
				B3D788B126E572C900DD8D74 /* Info.plist */,
			);
			path = AirportsListTests;
			sourceTree = "<group>";
		};
		B3D788B926E572C900DD8D74 /* AirportsListUITests */ = {
			isa = PBXGroup;
			children = (
				B3D788BA26E572C900DD8D74 /* AirportsListUITests.swift */,
				B3D788BC26E572C900DD8D74 /* Info.plist */,
			);
			path = AirportsListUITests;
			sourceTree = "<group>";
		};
/* End PBXGroup section */

/* Begin PBXNativeTarget section */
		B3D7889426E572C700DD8D74 /* AirportsList */ = {
			isa = PBXNativeTarget;
			buildConfigurationList = B3D788BF26E572C900DD8D74 /* Build configuration list for PBXNativeTarget "AirportsList" */;
			buildPhases = (
				B3D7889126E572C700DD8D74 /* Sources */,
				B3D7889226E572C700DD8D74 /* Frameworks */,
				B3D7889326E572C700DD8D74 /* Resources */,
			);
			buildRules = (
			);
			dependencies = (
			);
			name = AirportsList;
			productName = AirportsList;
			productReference = B3D7889526E572C700DD8D74 /* AirportsList.app */;
			productType = "com.apple.product-type.application";
		};
		B3D788AA26E572C900DD8D74 /* AirportsListTests */ = {
			isa = PBXNativeTarget;
			buildConfigurationList = B3D788C226E572C900DD8D74 /* Build configuration list for PBXNativeTarget "AirportsListTests" */;
			buildPhases = (
				B3D788A726E572C900DD8D74 /* Sources */,
				B3D788A826E572C900DD8D74 /* Frameworks */,
				B3D788A926E572C900DD8D74 /* Resources */,
			);
			buildRules = (
			);
			dependencies = (
				B3D788AD26E572C900DD8D74 /* PBXTargetDependency */,
			);
			name = AirportsListTests;
			productName = AirportsListTests;
			productReference = B3D788AB26E572C900DD8D74 /* AirportsListTests.xctest */;
			productType = "com.apple.product-type.bundle.unit-test";
		};
		B3D788B526E572C900DD8D74 /* AirportsListUITests */ = {
			isa = PBXNativeTarget;
			buildConfigurationList = B3D788C526E572C900DD8D74 /* Build configuration list for PBXNativeTarget "AirportsListUITests" */;
			buildPhases = (
				B3D788B226E572C900DD8D74 /* Sources */,
				B3D788B326E572C900DD8D74 /* Frameworks */,
				B3D788B426E572C900DD8D74 /* Resources */,
			);
			buildRules = (
			);
			dependencies = (
				B3D788B826E572C900DD8D74 /* PBXTargetDependency */,
			);
			name = AirportsListUITests;
			productName = AirportsListUITests;
			productReference = B3D788B626E572C900DD8D74 /* AirportsListUITests.xctest */;
			productType = "com.apple.product-type.bundle.ui-testing";
		};
/* End PBXNativeTarget section */

/* Begin PBXProject section */
		B3D7888D26E572C700DD8D74 /* Project object */ = {
			isa = PBXProject;
			attributes = {
				LastSwiftUpdateCheck = 1220;
				LastUpgradeCheck = 1220;
				TargetAttributes = {
					B3D7889426E572C700DD8D74 = {
						CreatedOnToolsVersion = 12.2;
					};
					B3D788AA26E572C900DD8D74 = {
						CreatedOnToolsVersion = 12.2;
						TestTargetID = B3D7889426E572C700DD8D74;
					};
					B3D788B526E572C900DD8D74 = {
						CreatedOnToolsVersion = 12.2;
						TestTargetID = B3D7889426E572C700DD8D74;
					};
				};
			};
			buildConfigurationList = B3D7889026E572C700DD8D74 /* Build configuration list for PBXProject "AirportsList" */;
			compatibilityVersion = "Xcode 9.3";
			developmentRegion = en;
			hasScannedForEncodings = 0;
			knownRegions = (
				en,
				Base,
			);
			mainGroup = B3D7888C26E572C700DD8D74;
			productRefGroup = B3D7889626E572C700DD8D74 /* Products */;
			projectDirPath = "";
			projectRoot = "";
			targets = (
				B3D7889426E572C700DD8D74 /* AirportsList */,
				B3D788AA26E572C900DD8D74 /* AirportsListTests */,
				B3D788B526E572C900DD8D74 /* AirportsListUITests */,
			);
		};
/* End PBXProject section */

/* Begin PBXResourcesBuildPhase section */
		B3D7889326E572C700DD8D74 /* Resources */ = {
			isa = PBXResourcesBuildPhase;
			buildActionMask = 2147483647;
			files = (
				B3D788A526E572C900DD8D74 /* LaunchScreen.storyboard in Resources */,
				B3D788A226E572C900DD8D74 /* Assets.xcassets in Resources */,
				B3D788A026E572C700DD8D74 /* Main.storyboard in Resources */,
			);
			runOnlyForDeploymentPostprocessing = 0;
		};
		B3D788A926E572C900DD8D74 /* Resources */ = {
			isa = PBXResourcesBuildPhase;
			buildActionMask = 2147483647;
			files = (
			);
			runOnlyForDeploymentPostprocessing = 0;
		};
		B3D788B426E572C900DD8D74 /* Resources */ = {
			isa = PBXResourcesBuildPhase;
			buildActionMask = 2147483647;
			files = (
			);
			runOnlyForDeploymentPostprocessing = 0;
		};
/* End PBXResourcesBuildPhase section */

/* Begin PBXSourcesBuildPhase section */
		B3D7889126E572C700DD8D74 /* Sources */ = {
			isa = PBXSourcesBuildPhase;
			buildActionMask = 2147483647;
			files = (
				B3D7889D26E572C700DD8D74 /* ViewController.swift in Sources */,
				B3D7889926E572C700DD8D74 /* AppDelegate.swift in Sources */,
				B3D7889B26E572C700DD8D74 /* SceneDelegate.swift in Sources */,
			);
			runOnlyForDeploymentPostprocessing = 0;
		};
		B3D788A726E572C900DD8D74 /* Sources */ = {
			isa = PBXSourcesBuildPhase;
			buildActionMask = 2147483647;
			files = (
				B3D788B026E572C900DD8D74 /* AirportsListTests.swift in Sources */,
			);
			runOnlyForDeploymentPostprocessing = 0;
		};
		B3D788B226E572C900DD8D74 /* Sources */ = {
			isa = PBXSourcesBuildPhase;
			buildActionMask = 2147483647;
			files = (
				B3D788BB26E572C900DD8D74 /* AirportsListUITests.swift in Sources */,
			);
			runOnlyForDeploymentPostprocessing = 0;
		};
/* End PBXSourcesBuildPhase section */

/* Begin PBXTargetDependency section */
		B3D788AD26E572C900DD8D74 /* PBXTargetDependency */ = {
			isa = PBXTargetDependency;
			target = B3D7889426E572C700DD8D74 /* AirportsList */;
			targetProxy = B3D788AC26E572C900DD8D74 /* PBXContainerItemProxy */;
		};
		B3D788B826E572C900DD8D74 /* PBXTargetDependency */ = {
			isa = PBXTargetDependency;
			target = B3D7889426E572C700DD8D74 /* AirportsList */;
			targetProxy = B3D788B726E572C900DD8D74 /* PBXContainerItemProxy */;
		};
/* End PBXTargetDependency section */

/* Begin PBXVariantGroup section */
		B3D7889E26E572C700DD8D74 /* Main.storyboard */ = {
			isa = PBXVariantGroup;
			children = (
				B3D7889F26E572C700DD8D74 /* Base */,
			);
			name = Main.storyboard;
			sourceTree = "<group>";
		};
		B3D788A326E572C900DD8D74 /* LaunchScreen.storyboard */ = {
			isa = PBXVariantGroup;
			children = (
				B3D788A426E572C900DD8D74 /* Base */,
			);
			name = LaunchScreen.storyboard;
			sourceTree = "<group>";
		};
/* End PBXVariantGroup section */

/* Begin XCBuildConfiguration section */
		B3D788BD26E572C900DD8D74 /* Debug */ = {
			isa = XCBuildConfiguration;
			buildSettings = {
				ALWAYS_SEARCH_USER_PATHS = NO;
				CLANG_ANALYZER_NONNULL = YES;
				CLANG_ANALYZER_NUMBER_OBJECT_CONVERSION = YES_AGGRESSIVE;
				CLANG_CXX_LANGUAGE_STANDARD = "gnu++14";
				CLANG_CXX_LIBRARY = "libc++";
				CLANG_ENABLE_MODULES = YES;
				CLANG_ENABLE_OBJC_ARC = YES;
				CLANG_ENABLE_OBJC_WEAK = YES;
				CLANG_WARN_BLOCK_CAPTURE_AUTORELEASING = YES;
				CLANG_WARN_BOOL_CONVERSION = YES;
				CLANG_WARN_COMMA = YES;
				CLANG_WARN_CONSTANT_CONVERSION = YES;
				CLANG_WARN_DEPRECATED_OBJC_IMPLEMENTATIONS = YES;
				CLANG_WARN_DIRECT_OBJC_ISA_USAGE = YES_ERROR;
				CLANG_WARN_DOCUMENTATION_COMMENTS = YES;
				CLANG_WARN_EMPTY_BODY = YES;
				CLANG_WARN_ENUM_CONVERSION = YES;
				CLANG_WARN_INFINITE_RECURSION = YES;
				CLANG_WARN_INT_CONVERSION = YES;
				CLANG_WARN_NON_LITERAL_NULL_CONVERSION = YES;
				CLANG_WARN_OBJC_IMPLICIT_RETAIN_SELF = YES;
				CLANG_WARN_OBJC_LITERAL_CONVERSION = YES;
				CLANG_WARN_OBJC_ROOT_CLASS = YES_ERROR;
				CLANG_WARN_QUOTED_INCLUDE_IN_FRAMEWORK_HEADER = YES;
				CLANG_WARN_RANGE_LOOP_ANALYSIS = YES;
				CLANG_WARN_STRICT_PROTOTYPES = YES;
				CLANG_WARN_SUSPICIOUS_MOVE = YES;
				CLANG_WARN_UNGUARDED_AVAILABILITY = YES_AGGRESSIVE;
				CLANG_WARN_UNREACHABLE_CODE = YES;
				CLANG_WARN__DUPLICATE_METHOD_MATCH = YES;
				COPY_PHASE_STRIP = NO;
				DEBUG_INFORMATION_FORMAT = dwarf;
				ENABLE_STRICT_OBJC_MSGSEND = YES;
				ENABLE_TESTABILITY = YES;
				GCC_C_LANGUAGE_STANDARD = gnu11;
				GCC_DYNAMIC_NO_PIC = NO;
				GCC_NO_COMMON_BLOCKS = YES;
				GCC_OPTIMIZATION_LEVEL = 0;
				GCC_PREPROCESSOR_DEFINITIONS = (
					"DEBUG=1",
					"$(inherited)",
				);
				GCC_WARN_64_TO_32_BIT_CONVERSION = YES;
				GCC_WARN_ABOUT_RETURN_TYPE = YES_ERROR;
				GCC_WARN_UNDECLARED_SELECTOR = YES;
				GCC_WARN_UNINITIALIZED_AUTOS = YES_AGGRESSIVE;
				GCC_WARN_UNUSED_FUNCTION = YES;
				GCC_WARN_UNUSED_VARIABLE = YES;
				IPHONEOS_DEPLOYMENT_TARGET = 14.2;
				MTL_ENABLE_DEBUG_INFO = INCLUDE_SOURCE;
				MTL_FAST_MATH = YES;
				ONLY_ACTIVE_ARCH = YES;
				SDKROOT = iphoneos;
				SWIFT_ACTIVE_COMPILATION_CONDITIONS = DEBUG;
				SWIFT_OPTIMIZATION_LEVEL = "-Onone";
			};
			name = Debug;
		};
		B3D788BE26E572C900DD8D74 /* Release */ = {
			isa = XCBuildConfiguration;
			buildSettings = {
				ALWAYS_SEARCH_USER_PATHS = NO;
				CLANG_ANALYZER_NONNULL = YES;
				CLANG_ANALYZER_NUMBER_OBJECT_CONVERSION = YES_AGGRESSIVE;
				CLANG_CXX_LANGUAGE_STANDARD = "gnu++14";
				CLANG_CXX_LIBRARY = "libc++";
				CLANG_ENABLE_MODULES = YES;
				CLANG_ENABLE_OBJC_ARC = YES;
				CLANG_ENABLE_OBJC_WEAK = YES;
				CLANG_WARN_BLOCK_CAPTURE_AUTORELEASING = YES;
				CLANG_WARN_BOOL_CONVERSION = YES;
				CLANG_WARN_COMMA = YES;
				CLANG_WARN_CONSTANT_CONVERSION = YES;
				CLANG_WARN_DEPRECATED_OBJC_IMPLEMENTATIONS = YES;
				CLANG_WARN_DIRECT_OBJC_ISA_USAGE = YES_ERROR;
				CLANG_WARN_DOCUMENTATION_COMMENTS = YES;
				CLANG_WARN_EMPTY_BODY = YES;
				CLANG_WARN_ENUM_CONVERSION = YES;
				CLANG_WARN_INFINITE_RECURSION = YES;
				CLANG_WARN_INT_CONVERSION = YES;
				CLANG_WARN_NON_LITERAL_NULL_CONVERSION = YES;
				CLANG_WARN_OBJC_IMPLICIT_RETAIN_SELF = YES;
				CLANG_WARN_OBJC_LITERAL_CONVERSION = YES;
				CLANG_WARN_OBJC_ROOT_CLASS = YES_ERROR;
				CLANG_WARN_QUOTED_INCLUDE_IN_FRAMEWORK_HEADER = YES;
				CLANG_WARN_RANGE_LOOP_ANALYSIS = YES;
				CLANG_WARN_STRICT_PROTOTYPES = YES;
				CLANG_WARN_SUSPICIOUS_MOVE = YES;
				CLANG_WARN_UNGUARDED_AVAILABILITY = YES_AGGRESSIVE;
				CLANG_WARN_UNREACHABLE_CODE = YES;
				CLANG_WARN__DUPLICATE_METHOD_MATCH = YES;
				COPY_PHASE_STRIP = NO;
				DEBUG_INFORMATION_FORMAT = "dwarf-with-dsym";
				ENABLE_NS_ASSERTIONS = NO;
				ENABLE_STRICT_OBJC_MSGSEND = YES;
				GCC_C_LANGUAGE_STANDARD = gnu11;
				GCC_NO_COMMON_BLOCKS = YES;
				GCC_WARN_64_TO_32_BIT_CONVERSION = YES;
				GCC_WARN_ABOUT_RETURN_TYPE = YES_ERROR;
				GCC_WARN_UNDECLARED_SELECTOR = YES;
				GCC_WARN_UNINITIALIZED_AUTOS = YES_AGGRESSIVE;
				GCC_WARN_UNUSED_FUNCTION = YES;
				GCC_WARN_UNUSED_VARIABLE = YES;
				IPHONEOS_DEPLOYMENT_TARGET = 14.2;
				MTL_ENABLE_DEBUG_INFO = NO;
				MTL_FAST_MATH = YES;
				SDKROOT = iphoneos;
				SWIFT_COMPILATION_MODE = wholemodule;
				SWIFT_OPTIMIZATION_LEVEL = "-O";
				VALIDATE_PRODUCT = YES;
			};
			name = Release;
		};
		B3D788C026E572C900DD8D74 /* Debug */ = {
			isa = XCBuildConfiguration;
			buildSettings = {
				ASSETCATALOG_COMPILER_APPICON_NAME = AppIcon;
				ASSETCATALOG_COMPILER_GLOBAL_ACCENT_COLOR_NAME = AccentColor;
				CODE_SIGN_STYLE = Automatic;
				DEVELOPMENT_TEAM = 7GYSCUXZE5;
				INFOPLIST_FILE = AirportsList/Info.plist;
				LD_RUNPATH_SEARCH_PATHS = (
					"$(inherited)",
					"@executable_path/Frameworks",
				);
				PRODUCT_BUNDLE_IDENTIFIER = au.com.yacob.AirportsList;
				PRODUCT_NAME = "$(TARGET_NAME)";
				SWIFT_VERSION = 5.0;
				TARGETED_DEVICE_FAMILY = "1,2";
			};
			name = Debug;
		};
		B3D788C126E572C900DD8D74 /* Release */ = {
			isa = XCBuildConfiguration;
			buildSettings = {
				ASSETCATALOG_COMPILER_APPICON_NAME = AppIcon;
				ASSETCATALOG_COMPILER_GLOBAL_ACCENT_COLOR_NAME = AccentColor;
				CODE_SIGN_STYLE = Automatic;
				DEVELOPMENT_TEAM = 7GYSCUXZE5;
				INFOPLIST_FILE = AirportsList/Info.plist;
				LD_RUNPATH_SEARCH_PATHS = (
					"$(inherited)",
					"@executable_path/Frameworks",
				);
				PRODUCT_BUNDLE_IDENTIFIER = au.com.yacob.AirportsList;
				PRODUCT_NAME = "$(TARGET_NAME)";
				SWIFT_VERSION = 5.0;
				TARGETED_DEVICE_FAMILY = "1,2";
			};
			name = Release;
		};
		B3D788C326E572C900DD8D74 /* Debug */ = {
			isa = XCBuildConfiguration;
			buildSettings = {
				ALWAYS_EMBED_SWIFT_STANDARD_LIBRARIES = YES;
				BUNDLE_LOADER = "$(TEST_HOST)";
				CODE_SIGN_STYLE = Automatic;
				DEVELOPMENT_TEAM = 7GYSCUXZE5;
				INFOPLIST_FILE = AirportsListTests/Info.plist;
				IPHONEOS_DEPLOYMENT_TARGET = 14.2;
				LD_RUNPATH_SEARCH_PATHS = (
					"$(inherited)",
					"@executable_path/Frameworks",
					"@loader_path/Frameworks",
				);
				PRODUCT_BUNDLE_IDENTIFIER = au.com.yacob.AirportsListTests;
				PRODUCT_NAME = "$(TARGET_NAME)";
				SWIFT_VERSION = 5.0;
				TARGETED_DEVICE_FAMILY = "1,2";
				TEST_HOST = "$(BUILT_PRODUCTS_DIR)/AirportsList.app/AirportsList";
			};
			name = Debug;
		};
		B3D788C426E572C900DD8D74 /* Release */ = {
			isa = XCBuildConfiguration;
			buildSettings = {
				ALWAYS_EMBED_SWIFT_STANDARD_LIBRARIES = YES;
				BUNDLE_LOADER = "$(TEST_HOST)";
				CODE_SIGN_STYLE = Automatic;
				DEVELOPMENT_TEAM = 7GYSCUXZE5;
				INFOPLIST_FILE = AirportsListTests/Info.plist;
				IPHONEOS_DEPLOYMENT_TARGET = 14.2;
				LD_RUNPATH_SEARCH_PATHS = (
					"$(inherited)",
					"@executable_path/Frameworks",
					"@loader_path/Frameworks",
				);
				PRODUCT_BUNDLE_IDENTIFIER = au.com.yacob.AirportsListTests;
				PRODUCT_NAME = "$(TARGET_NAME)";
				SWIFT_VERSION = 5.0;
				TARGETED_DEVICE_FAMILY = "1,2";
				TEST_HOST = "$(BUILT_PRODUCTS_DIR)/AirportsList.app/AirportsList";
			};
			name = Release;
		};
		B3D788C626E572C900DD8D74 /* Debug */ = {
			isa = XCBuildConfiguration;
			buildSettings = {
				ALWAYS_EMBED_SWIFT_STANDARD_LIBRARIES = YES;
				CODE_SIGN_STYLE = Automatic;
				DEVELOPMENT_TEAM = 7GYSCUXZE5;
				INFOPLIST_FILE = AirportsListUITests/Info.plist;
				LD_RUNPATH_SEARCH_PATHS = (
					"$(inherited)",
					"@executable_path/Frameworks",
					"@loader_path/Frameworks",
				);
				PRODUCT_BUNDLE_IDENTIFIER = au.com.yacob.AirportsListUITests;
				PRODUCT_NAME = "$(TARGET_NAME)";
				SWIFT_VERSION = 5.0;
				TARGETED_DEVICE_FAMILY = "1,2";
				TEST_TARGET_NAME = AirportsList;
			};
			name = Debug;
		};
		B3D788C726E572C900DD8D74 /* Release */ = {
			isa = XCBuildConfiguration;
			buildSettings = {
				ALWAYS_EMBED_SWIFT_STANDARD_LIBRARIES = YES;
				CODE_SIGN_STYLE = Automatic;
				DEVELOPMENT_TEAM = 7GYSCUXZE5;
				INFOPLIST_FILE = AirportsListUITests/Info.plist;
				LD_RUNPATH_SEARCH_PATHS = (
					"$(inherited)",
					"@executable_path/Frameworks",
					"@loader_path/Frameworks",
				);
				PRODUCT_BUNDLE_IDENTIFIER = au.com.yacob.AirportsListUITests;
				PRODUCT_NAME = "$(TARGET_NAME)";
				SWIFT_VERSION = 5.0;
				TARGETED_DEVICE_FAMILY = "1,2";
				TEST_TARGET_NAME = AirportsList;
			};
			name = Release;
		};
/* End XCBuildConfiguration section */

/* Begin XCConfigurationList section */
		B3D7889026E572C700DD8D74 /* Build configuration list for PBXProject "AirportsList" */ = {
			isa = XCConfigurationList;
			buildConfigurations = (
				B3D788BD26E572C900DD8D74 /* Debug */,
				B3D788BE26E572C900DD8D74 /* Release */,
			);
			defaultConfigurationIsVisible = 0;
			defaultConfigurationName = Release;
		};
		B3D788BF26E572C900DD8D74 /* Build configuration list for PBXNativeTarget "AirportsList" */ = {
			isa = XCConfigurationList;
			buildConfigurations = (
				B3D788C026E572C900DD8D74 /* Debug */,
				B3D788C126E572C900DD8D74 /* Release */,
			);
			defaultConfigurationIsVisible = 0;
			defaultConfigurationName = Release;
		};
		B3D788C226E572C900DD8D74 /* Build configuration list for PBXNativeTarget "AirportsListTests" */ = {
			isa = XCConfigurationList;
			buildConfigurations = (
				B3D788C326E572C900DD8D74 /* Debug */,
				B3D788C426E572C900DD8D74 /* Release */,
			);
			defaultConfigurationIsVisible = 0;
			defaultConfigurationName = Release;
		};
		B3D788C526E572C900DD8D74 /* Build configuration list for PBXNativeTarget "AirportsListUITests" */ = {
			isa = XCConfigurationList;
			buildConfigurations = (
				B3D788C626E572C900DD8D74 /* Debug */,
				B3D788C726E572C900DD8D74 /* Release */,
			);
			defaultConfigurationIsVisible = 0;
			defaultConfigurationName = Release;
		};
/* End XCConfigurationList section */
	};
	rootObject = B3D7888D26E572C700DD8D74 /* Project object */;
}
